{
  "version": 1,
  "dependencies": {
    "net8.0": {
      "MonoGame.Content.Builder.Task": {
        "type": "Direct",
        "requested": "[3.8.2.*, )",
        "resolved": "3.8.2.1105",
        "contentHash": "wNlkLaITOqMs9MmCYLp3Qc7QfFng3FhIq/b+njdYV3cTVpLYgs/i56FYtJjm8jLoUA/2sJ36Qo/uqWpgW+jBuQ=="
      },
      "MonoGame.Framework.DesktopGL": {
        "type": "Direct",
        "requested": "[3.8.2.*, )",
        "resolved": "3.8.2.1105",
        "contentHash": "QwjhmpyMZ9js4zqoYN/0cz//nYZ1u5yB8KWJ1P7nbViqfUyzuFDvGqgUEXFLp+n0Rx4z9PuKfwL5nQpp9LrXhg==",
        "dependencies": {
          "MonoGame.Library.SDL": "2.26.5.5",
          "NVorbis": "0.10.4"
        }
      },
      "NativeFileDialogSharp": {
        "type": "Direct",
        "requested": "[0.6.0-alpha, )",
        "resolved": "0.6.0-alpha",
        "contentHash": "2JvfxgAMWEGA9rIuYw+/vcj8eisBJbb4fzviJU47urU72z7m6BW2SykaMRtQorr06Xh3ZxG+gykiqV3D4crfLA=="
      },
      "MonoGame.Library.SDL": {
        "type": "Transitive",
        "resolved": "2.26.5.5",
        "contentHash": "wSbYCCLeT3p3GZtU8GaYA5+XTjt4kM01yIvik3qm3sjU53jf/w0Pp0GBvOTCHgKxEGwb/IinHIASMcLuVnmgCA=="
      },
      "NVorbis": {
        "type": "Transitive",
        "resolved": "0.10.4",
        "contentHash": "WYnil3DhQHzjCY0dM9I2B3r1vWip90AOuQd25KE4NrjPQBg0tBJFluRLm5YPnO5ZLDmwrfosY8jCQGQRmWI/Pg==",
        "dependencies": {
          "System.Memory": "4.5.3",
          "System.ValueTuple": "4.5.0"
        }
      },
      "System.Memory": {
        "type": "Transitive",
        "resolved": "4.5.3",
        "contentHash": "3oDzvc/zzetpTKWMShs1AADwZjQ/36HnsufHRPcOjyRAAMLDlu2iD33MBI2opxnezcVUtXyqDXXjoFMOU9c7SA=="
      },
      "System.ValueTuple": {
        "type": "Transitive",
        "resolved": "4.5.0",
        "contentHash": "okurQJO6NRE/apDIP23ajJ0hpiNmJ+f0BwOlB/cSqTLQlw5upkf+5+96+iG2Jw40G1fCVCyPz/FhIABUjMR+RQ=="
      },
      "mmgengine": {
        "type": "Project"
      }
    }
  }
}